
Microsoft Visual Studio Solution File, Format Version 12.00
# Visual Studio 15
VisualStudioVersion = 15.0.27130.2003
MinimumVisualStudioVersion = 10.0.40219.1
Project("{FAE04EC0-301F-11D3-BF4B-00C04F79EFBC}") = "NeoCol Software", "NeoOva Software\NeoCol Software.csproj", "{D5F43259-FFCE-406C-9AE6-E50452585BA8}"
EndProject
Global
	GlobalSection(SolutionConfigurationPlatforms) = preSolution
		Debug|Any CPU = Debug|Any CPU
		Debug|x86 = Debug|x86
		Release|Any CPU = Release|Any CPU
		Release|x86 = Release|x86
	EndGlobalSection
	GlobalSection(ProjectConfigurationPlatforms) = postSolution
		{D5F43259-FFCE-406C-9AE6-E50452585BA8}.Debug|Any CPU.ActiveCfg = Debug|Any CPU
		{D5F43259-FFCE-406C-9AE6-E50452585BA8}.Debug|Any CPU.Build.0 = Debug|Any CPU
		{D5F43259-FFCE-406C-9AE6-E50452585BA8}.Debug|x86.ActiveCfg = Debug|x86
		{D5F43259-FFCE-406C-9AE6-E50452585BA8}.Debug|x86.Build.0 = Debug|x86
		{D5F43259-FFCE-406C-9AE6-E50452585BA8}.Release|Any CPU.ActiveCfg = Release|Any CPU
		{D5F43259-FFCE-406C-9AE6-E50452585BA8}.Release|Any CPU.Build.0 = Release|Any CPU
		{D5F43259-FFCE-406C-9AE6-E50452585BA8}.Release|x86.ActiveCfg = Release|x86
		{D5F43259-FFCE-406C-9AE6-E50452585BA8}.Release|x86.Build.0 = Release|x86
	EndGlobalSection
	GlobalSection(SolutionProperties) = preSolution
		HideSolutionNode = FALSE
	EndGlobalSection
	GlobalSection(ExtensibilityGlobals) = postSolution
		SolutionGuid = {8529B64D-586F-4831-9575-D2FFC6672807}
	EndGlobalSection
EndGlobal
